
Microsoft Visual Studio Solution File, Format Version 12.00
# Visual Studio Version 16
VisualStudioVersion = 16.0.30907.101
MinimumVisualStudioVersion = 10.0.40219.1
Project("{8BC9CEB8-8B4A-11D0-8D11-00A0C91BC942}") = "Curs_11", "Curs_11.vcxproj", "{74DCC6CE-C6BE-4E0D-B8E8-DD5898C9CF8C}"
EndProject
Global
	GlobalSection(SolutionConfigurationPlatforms) = preSolution
		Debug|x64 = Debug|x64
		Debug|x86 = Debug|x86
		Release|x64 = Release|x64
		Release|x86 = Release|x86
	EndGlobalSection
	GlobalSection(ProjectConfigurationPlatforms) = postSolution
		{74DCC6CE-C6BE-4E0D-B8E8-DD5898C9CF8C}.Debug|x64.ActiveCfg = Debug|x64
		{74DCC6CE-C6BE-4E0D-B8E8-DD5898C9CF8C}.Debug|x64.Build.0 = Debug|x64
		{74DCC6CE-C6BE-4E0D-B8E8-DD5898C9CF8C}.Debug|x86.ActiveCfg = Debug|Win32
		{74DCC6CE-C6BE-4E0D-B8E8-DD5898C9CF8C}.Debug|x86.Build.0 = Debug|Win32
		{74DCC6CE-C6BE-4E0D-B8E8-DD5898C9CF8C}.Release|x64.ActiveCfg = Release|x64
		{74DCC6CE-C6BE-4E0D-B8E8-DD5898C9CF8C}.Release|x64.Build.0 = Release|x64
		{74DCC6CE-C6BE-4E0D-B8E8-DD5898C9CF8C}.Release|x86.ActiveCfg = Release|Win32
		{74DCC6CE-C6BE-4E0D-B8E8-DD5898C9CF8C}.Release|x86.Build.0 = Release|Win32
	EndGlobalSection
	GlobalSection(SolutionProperties) = preSolution
		HideSolutionNode = FALSE
	EndGlobalSection
	GlobalSection(ExtensibilityGlobals) = postSolution
		SolutionGuid = {333ED07E-136A-49CB-88A1-016B58AACDFA}
	EndGlobalSection
EndGlobal
